locks:
  f/examples/first_in_class_script: 612c1fd1b5aced018e2f1b0b46fcd8c78aaccd81870ce162092fc15c41d42b43
  f/examples/forloop_sleep: c22625b37a6dcfd54d1a378690a6249d62dcaa32058abc194f430f5604faa92a
  f/examples/forloop_sleep2: 39d56904b60c736cbb63854a8ca20616f1622df9e953201b9e806d9abe272740
  f/examples/forloop_sleep3: 48714ffb7d5020d39cf3cda63ed0d4bcf9bc8cf2822be9e4927f9e97eafb5db7
  f/examples/hell: 8ee22974ed3f5f18a7d3ff2c7d5203d028227378485f1b178249f7d1aa656a9a
  f/examples/hello_world: 1cc581f0cdad84a5defff51a7dc2902c40658b6c989bd0ac28f20dcc3e1399b6
  f/examples/hello_world_deno: ed82ac38d25014fff78fa4baa0039baaab2fc5e0adf08a8160f24616d2e52537
  f/examples/http_request: 03921f414c6784be4012485a72675b680435221bc5ea82f18a8b98a1e0e469d2
  f/examples/message_slack: 05d8543dc87cee35e7d757dd96a56491dccd551be7606e5efea434f7aa901167
  f/examples/nltk_sentiment_analysis: 2f3c09c4af86ac6ebe1445ac6ceb65e922c423790248e77d9a7024348c5c7347
  f/examples/pg_in_python: bc2ba89493f936012f31f1258f15f97cf29dc0c5d49acf361d28087304bb933c
  f/examples/polars_example: 0f49c084c8b03bbce3eec6df25ffdeba5e4d2b15481ef09666636489d2f35f39
  f/examples/python_script_imported: cf14df072b0653adafff6dafeea693ae597ec957cc95cb7b8dac20a971f7de7f
  f/examples/python_script_importing: 0b01409bf698cb7e989aed7c7e6e71af377afabfa9a7d606f86b0cce7cd6594b
  f/examples/query_postgres: 04118bc34e9623f1261a538d91f8717bfa35f7e263bcf02375282144c6201c84
  f/examples/return_chart_as_image: dde14ee72b01fa08ddacdb71647c2c453d5c1f52361a93ad5f8168206986a59c
  f/examples/return_table: 5c369f812372881a6f2f3b3c5bdfa9e7088e3aea69bab4b3cff6886a3720b749
  f/examples/send_gmail_email: c822763d879cc23176bcef5e9e645fb9d2d2dd03f417f3dd1b820e14b485087e
  f/examples/send_slack_image: da790014d268f34a74e1e038b63032d794ecde11605c833a288bf70b325cbae8
  f/examples/tesseract_ocr: dad177fcb93508e9f83b8bd55ea0f4a86afd67345388dfff9a80a6576f4222a0
  f/examples/triggered_from_slack_command: 2bdf85c42ded1ae3f183ed886b4981a676e375f3670e49dd90fae7e9d630e5fb
