locks:
  f/a/usable_undefined: f2cd8e9da89bc90c29708f84e7724c253597dcf67657a7915db03529afb8d56a
  f/b/gorgeous_script: 61aeaf810b68a80af9b476fb6f297cd30d436af09b1f279476cffefcacf64825
  f/c/trusted_script: f29b3f12ba2a301ffff7f8e7910b28a48a830c6f059f7248aa7778b3158f6c5d
  f/d/booming_script: 64bb4dbdb904c2f57833307d6ac644157a8d145d84e766468c640f9645e9b2a1
  f/delivery/cleared_script: 6c41d6bc0f4dfa7fbbaea5dc57a7797accf10a70870dced2caed6825121ac8f2
  f/e/cheaper_script: 2a3079f83bbe9cf8c15b5bffc877726a45a72f80544790323378aad50cbb8182
  f/examples/efficient_script: cb94acbcd95f4d1a62bd209f16068f43b6087f65046f3d53c3b3e9e541597b9f
  f/examples/foo: 21e74f8089e3f036b30a9b0dbc5d8094e301c5e99cc5bba126a4cbf92221614b
  f/examples/foobar: 82c6f233b6f17cc37dd7396eeeefc2fe3d936bbfe64768dab8975a940abd5dd2
  f/examples/snappy_script: fd74989958d66ae74711323558a9febe43ee1057596a15388a98356227bb99e1
  f/f/triumphant_script: 01cfb405da94f5a24a6ba6a641b8608618a093f1f39aa0011aa0de1de6f168f2
  f/foo/compatible_script: 6da7bc53f77d19fddbbe288c683fac48b88a8a1c6f0924c1ace9bc1512d29202
  f/foo/low_risk_script: aba1f4949b66f4d08f31586946e22ba3ca867287482da392457e8c98360518a1
  f/g/mature_script: d20e9a51facfe2d7ed952ce37b2c67550d48f1757ca7ebca9c57b6e587ff21f1
  f/group/copy_of_weroew_prew_porkewp_orewpo_r: 2e0cf1a495fab3fcb8c403b72941a4ac7d6ffcc5b514d5df49b1aad387d2c03e
  f/h/exhilarating_script: 0c4f31e970c466a2c7bea05bf2ccce55d9643c39b431fcb4255560109f1be683
  f/i/speedy_script: 185de92ce6d083fc9cd4c05aa0c13aa073b1c36c4ad83646d3b0d7d402e0c335
  f/j/adoring_script: e5ab5609346f965b01fe48eb3e6bba82280a2428d2132254f1f43752992b14b3
  f/k/happier_script: 48667a95bd0ea3d377b5f3c51d42bf982bf5c983f26712036c4aa0a58d729634
  f/l/rational_script: 49b18192f8c3f68357c024b00d91eef2d3eff6fc9ed687c9cb5e4db917beb201
  f/m/grand_script: 29a0a73f88f876988b5800cd8af2cd9bec26cd10c3ec55edf03150dc05edbaba
  f/n/quieter_script: 45a1f4f46d8a62457510ff3d30eaa16ca897e8a071addd2c67e0c18fba98cd00
  f/o/fortunate_script: d95a08b011d3dd9e280f9955895bd48ff88c9d90273f30e051f1034f86409518
  f/user/ambitious_script: f2d061ef379d829407222c8e74c61e0935f96d661edb1649dc021df25befddda
  f/user/foo: 21e74f8089e3f036b30a9b0dbc5d8094e301c5e99cc5bba126a4cbf92221614b
  f/user/innocuous_script: 184116bf717a969b227fdd5871ed1b1806e4623681f5f5cd5137ac50975487ae
  f/user/test.flow:
    __flow_hash: 44136fa355b3678a1146ad16f7e8649e94fb4fc21fe77e8310c060f61caaff8a
